// !$*UTF8*$!
{
	archiveVersion = 1;
	classes = {
	};
	objectVersion = 50;
	objects = {

/* Begin PBXBuildFile section */
		15A402EE236166B5ECF55407 /* Pods_TVShow.framework in Frameworks */ = {isa = PBXBuildFile; fileRef = 1091A047F5E95ECBF0C73979 /* Pods_TVShow.framework */; };
		5C139224210A453F002B92F9 /* ShowDetails.storyboard in Resources */ = {isa = PBXBuildFile; fileRef = 5C139223210A453F002B92F9 /* ShowDetails.storyboard */; };
		5C139226210A4584002B92F9 /* ShowDetailsViewController.swift in Sources */ = {isa = PBXBuildFile; fileRef = 5C139225210A4584002B92F9 /* ShowDetailsViewController.swift */; };
		5C139228210A6659002B92F9 /* ShowDetails.swift in Sources */ = {isa = PBXBuildFile; fileRef = 5C139227210A6659002B92F9 /* ShowDetails.swift */; };
		5C13922A210A6B59002B92F9 /* Episode.swift in Sources */ = {isa = PBXBuildFile; fileRef = 5C139229210A6B59002B92F9 /* Episode.swift */; };
		5C13922C210A7D11002B92F9 /* ShowDetailsViewCell.swift in Sources */ = {isa = PBXBuildFile; fileRef = 5C13922B210A7D11002B92F9 /* ShowDetailsViewCell.swift */; };
		5C13922F210A878A002B92F9 /* NewEpisode.storyboard in Resources */ = {isa = PBXBuildFile; fileRef = 5C13922E210A878A002B92F9 /* NewEpisode.storyboard */; };
		5C139231210A87A6002B92F9 /* NewEpisodeViewController.swift in Sources */ = {isa = PBXBuildFile; fileRef = 5C139230210A87A6002B92F9 /* NewEpisodeViewController.swift */; };
		5C1DC38620F5679E0010580C /* LoginViewController.swift in Sources */ = {isa = PBXBuildFile; fileRef = 5C1DC38520F5679E0010580C /* LoginViewController.swift */; };
		5C52C06F20F42B9E00A589C9 /* Login.storyboard in Resources */ = {isa = PBXBuildFile; fileRef = 5C52C06E20F42B9E00A589C9 /* Login.storyboard */; };
		5C7E7F722111DC6B004A66A0 /* EpisodeDetails.storyboard in Resources */ = {isa = PBXBuildFile; fileRef = 5C7E7F712111DC6B004A66A0 /* EpisodeDetails.storyboard */; };
		5C7E7F742111E08C004A66A0 /* EpisodeDetailsViewController.swift in Sources */ = {isa = PBXBuildFile; fileRef = 5C7E7F732111E08C004A66A0 /* EpisodeDetailsViewController.swift */; };
		5C7E7F7721120B46004A66A0 /* CommentsViewController.swift in Sources */ = {isa = PBXBuildFile; fileRef = 5C7E7F7621120B46004A66A0 /* CommentsViewController.swift */; };
		5C7E7F7921120B63004A66A0 /* Comments.storyboard in Resources */ = {isa = PBXBuildFile; fileRef = 5C7E7F7821120B63004A66A0 /* Comments.storyboard */; };
		5C7E7F7B211224DA004A66A0 /* Media.swift in Sources */ = {isa = PBXBuildFile; fileRef = 5C7E7F7A211224DA004A66A0 /* Media.swift */; };
		5C849947211393B5001E7A9E /* Comments.swift in Sources */ = {isa = PBXBuildFile; fileRef = 5C849946211393B5001E7A9E /* Comments.swift */; };
		5C849949211395EA001E7A9E /* CommentsTableViewCell.swift in Sources */ = {isa = PBXBuildFile; fileRef = 5C849948211395EA001E7A9E /* CommentsTableViewCell.swift */; };
		5CA325C72109E51300084F02 /* Shows.swift in Sources */ = {isa = PBXBuildFile; fileRef = 5CA325C62109E51300084F02 /* Shows.swift */; };
		5CA325C92109ECD100084F02 /* ShowTableViewCell.swift in Sources */ = {isa = PBXBuildFile; fileRef = 5CA325C82109ECD100084F02 /* ShowTableViewCell.swift */; };
		5CAFEEED20EE6F4200E53EEF /* AppDelegate.swift in Sources */ = {isa = PBXBuildFile; fileRef = 5CAFEEEC20EE6F4200E53EEF /* AppDelegate.swift */; };
		5CAFEEF420EE6F4300E53EEF /* Assets.xcassets in Resources */ = {isa = PBXBuildFile; fileRef = 5CAFEEF320EE6F4300E53EEF /* Assets.xcassets */; };
		5CAFEEF720EE6F4300E53EEF /* LaunchScreen.storyboard in Resources */ = {isa = PBXBuildFile; fileRef = 5CAFEEF520EE6F4300E53EEF /* LaunchScreen.storyboard */; };
		5CEF76562101217B006B0179 /* HomeViewController.swift in Sources */ = {isa = PBXBuildFile; fileRef = 5CEF76552101217B006B0179 /* HomeViewController.swift */; };
		5CEF765821012197006B0179 /* Home.storyboard in Resources */ = {isa = PBXBuildFile; fileRef = 5CEF765721012197006B0179 /* Home.storyboard */; };
		5CEF765A21013FF4006B0179 /* User.swift in Sources */ = {isa = PBXBuildFile; fileRef = 5CEF765921013FF4006B0179 /* User.swift */; };
/* End PBXBuildFile section */

/* Begin PBXFileReference section */
		1091A047F5E95ECBF0C73979 /* Pods_TVShow.framework */ = {isa = PBXFileReference; explicitFileType = wrapper.framework; includeInIndex = 0; path = Pods_TVShow.framework; sourceTree = BUILT_PRODUCTS_DIR; };
		50EBD63C44FF31E55E0D4F66 /* Pods-TVShow.debug.xcconfig */ = {isa = PBXFileReference; includeInIndex = 1; lastKnownFileType = text.xcconfig; name = "Pods-TVShow.debug.xcconfig"; path = "Pods/Target Support Files/Pods-TVShow/Pods-TVShow.debug.xcconfig"; sourceTree = "<group>"; };
		5C139223210A453F002B92F9 /* ShowDetails.storyboard */ = {isa = PBXFileReference; lastKnownFileType = file.storyboard; path = ShowDetails.storyboard; sourceTree = "<group>"; };
		5C139225210A4584002B92F9 /* ShowDetailsViewController.swift */ = {isa = PBXFileReference; lastKnownFileType = sourcecode.swift; path = ShowDetailsViewController.swift; sourceTree = "<group>"; };
		5C139227210A6659002B92F9 /* ShowDetails.swift */ = {isa = PBXFileReference; lastKnownFileType = sourcecode.swift; path = ShowDetails.swift; sourceTree = "<group>"; };
		5C139229210A6B59002B92F9 /* Episode.swift */ = {isa = PBXFileReference; lastKnownFileType = sourcecode.swift; path = Episode.swift; sourceTree = "<group>"; };
		5C13922B210A7D11002B92F9 /* ShowDetailsViewCell.swift */ = {isa = PBXFileReference; lastKnownFileType = sourcecode.swift; path = ShowDetailsViewCell.swift; sourceTree = "<group>"; };
		5C13922E210A878A002B92F9 /* NewEpisode.storyboard */ = {isa = PBXFileReference; lastKnownFileType = file.storyboard; path = NewEpisode.storyboard; sourceTree = "<group>"; };
		5C139230210A87A6002B92F9 /* NewEpisodeViewController.swift */ = {isa = PBXFileReference; lastKnownFileType = sourcecode.swift; path = NewEpisodeViewController.swift; sourceTree = "<group>"; };
		5C1DC38520F5679E0010580C /* LoginViewController.swift */ = {isa = PBXFileReference; lastKnownFileType = sourcecode.swift; path = LoginViewController.swift; sourceTree = "<group>"; };
		5C52C06E20F42B9E00A589C9 /* Login.storyboard */ = {isa = PBXFileReference; lastKnownFileType = file.storyboard; path = Login.storyboard; sourceTree = "<group>"; };
		5C7E7F712111DC6B004A66A0 /* EpisodeDetails.storyboard */ = {isa = PBXFileReference; lastKnownFileType = file.storyboard; path = EpisodeDetails.storyboard; sourceTree = "<group>"; };
		5C7E7F732111E08C004A66A0 /* EpisodeDetailsViewController.swift */ = {isa = PBXFileReference; lastKnownFileType = sourcecode.swift; path = EpisodeDetailsViewController.swift; sourceTree = "<group>"; };
		5C7E7F7621120B46004A66A0 /* CommentsViewController.swift */ = {isa = PBXFileReference; lastKnownFileType = sourcecode.swift; path = CommentsViewController.swift; sourceTree = "<group>"; };
		5C7E7F7821120B63004A66A0 /* Comments.storyboard */ = {isa = PBXFileReference; lastKnownFileType = file.storyboard; path = Comments.storyboard; sourceTree = "<group>"; };
		5C7E7F7A211224DA004A66A0 /* Media.swift */ = {isa = PBXFileReference; lastKnownFileType = sourcecode.swift; path = Media.swift; sourceTree = "<group>"; };
		5C849946211393B5001E7A9E /* Comments.swift */ = {isa = PBXFileReference; lastKnownFileType = sourcecode.swift; path = Comments.swift; sourceTree = "<group>"; };
		5C849948211395EA001E7A9E /* CommentsTableViewCell.swift */ = {isa = PBXFileReference; lastKnownFileType = sourcecode.swift; path = CommentsTableViewCell.swift; sourceTree = "<group>"; };
		5CA325C62109E51300084F02 /* Shows.swift */ = {isa = PBXFileReference; lastKnownFileType = sourcecode.swift; path = Shows.swift; sourceTree = "<group>"; };
		5CA325C82109ECD100084F02 /* ShowTableViewCell.swift */ = {isa = PBXFileReference; lastKnownFileType = sourcecode.swift; path = ShowTableViewCell.swift; sourceTree = "<group>"; };
		5CAFEEE920EE6F4200E53EEF /* TVShow.app */ = {isa = PBXFileReference; explicitFileType = wrapper.application; includeInIndex = 0; path = TVShow.app; sourceTree = BUILT_PRODUCTS_DIR; };
		5CAFEEEC20EE6F4200E53EEF /* AppDelegate.swift */ = {isa = PBXFileReference; lastKnownFileType = sourcecode.swift; path = AppDelegate.swift; sourceTree = "<group>"; };
		5CAFEEF320EE6F4300E53EEF /* Assets.xcassets */ = {isa = PBXFileReference; lastKnownFileType = folder.assetcatalog; path = Assets.xcassets; sourceTree = "<group>"; };
		5CAFEEF620EE6F4300E53EEF /* Base */ = {isa = PBXFileReference; lastKnownFileType = file.storyboard; name = Base; path = Base.lproj/LaunchScreen.storyboard; sourceTree = "<group>"; };
		5CAFEEF820EE6F4300E53EEF /* Info.plist */ = {isa = PBXFileReference; lastKnownFileType = text.plist.xml; path = Info.plist; sourceTree = "<group>"; };
		5CEF76552101217B006B0179 /* HomeViewController.swift */ = {isa = PBXFileReference; lastKnownFileType = sourcecode.swift; path = HomeViewController.swift; sourceTree = "<group>"; };
		5CEF765721012197006B0179 /* Home.storyboard */ = {isa = PBXFileReference; lastKnownFileType = file.storyboard; path = Home.storyboard; sourceTree = "<group>"; };
		5CEF765921013FF4006B0179 /* User.swift */ = {isa = PBXFileReference; lastKnownFileType = sourcecode.swift; path = User.swift; sourceTree = "<group>"; };
		B4A82CECD15A4F0AFDCA1666 /* Pods-TVShow.release.xcconfig */ = {isa = PBXFileReference; includeInIndex = 1; lastKnownFileType = text.xcconfig; name = "Pods-TVShow.release.xcconfig"; path = "Pods/Target Support Files/Pods-TVShow/Pods-TVShow.release.xcconfig"; sourceTree = "<group>"; };
/* End PBXFileReference section */

/* Begin PBXFrameworksBuildPhase section */
		5CAFEEE620EE6F4200E53EEF /* Frameworks */ = {
			isa = PBXFrameworksBuildPhase;
			buildActionMask = 2147483647;
			files = (
				15A402EE236166B5ECF55407 /* Pods_TVShow.framework in Frameworks */,
			);
			runOnlyForDeploymentPostprocessing = 0;
		};
/* End PBXFrameworksBuildPhase section */

/* Begin PBXGroup section */
		365BE69ECCF102095CD4EE48 /* Pods */ = {
			isa = PBXGroup;
			children = (
				50EBD63C44FF31E55E0D4F66 /* Pods-TVShow.debug.xcconfig */,
				B4A82CECD15A4F0AFDCA1666 /* Pods-TVShow.release.xcconfig */,
			);
			name = Pods;
			sourceTree = "<group>";
		};
		5C139222210A4515002B92F9 /* ShowDetails */ = {
			isa = PBXGroup;
			children = (
				5C139223210A453F002B92F9 /* ShowDetails.storyboard */,
				5C139225210A4584002B92F9 /* ShowDetailsViewController.swift */,
				5C13922B210A7D11002B92F9 /* ShowDetailsViewCell.swift */,
			);
			path = ShowDetails;
			sourceTree = "<group>";
		};
		5C13922D210A876C002B92F9 /* AddNewEpisode */ = {
			isa = PBXGroup;
			children = (
				5C13922E210A878A002B92F9 /* NewEpisode.storyboard */,
				5C139230210A87A6002B92F9 /* NewEpisodeViewController.swift */,
			);
			path = AddNewEpisode;
			sourceTree = "<group>";
		};
		5C52C06D20F42B4300A589C9 /* Login */ = {
			isa = PBXGroup;
			children = (
				5C52C06E20F42B9E00A589C9 /* Login.storyboard */,
				5C1DC38520F5679E0010580C /* LoginViewController.swift */,
			);
			path = Login;
			sourceTree = "<group>";
		};
		5C7E7F702111DC4F004A66A0 /* EpisodeDetails */ = {
			isa = PBXGroup;
			children = (
				5C7E7F712111DC6B004A66A0 /* EpisodeDetails.storyboard */,
				5C7E7F732111E08C004A66A0 /* EpisodeDetailsViewController.swift */,
			);
			path = EpisodeDetails;
			sourceTree = "<group>";
		};
		5C7E7F7521120B25004A66A0 /* Comments */ = {
			isa = PBXGroup;
			children = (
				5C7E7F7621120B46004A66A0 /* CommentsViewController.swift */,
				5C7E7F7821120B63004A66A0 /* Comments.storyboard */,
				5C849948211395EA001E7A9E /* CommentsTableViewCell.swift */,
			);
			path = Comments;
			sourceTree = "<group>";
		};
		5CA325C42109E4D200084F02 /* Home */ = {
			isa = PBXGroup;
			children = (
				5CEF765721012197006B0179 /* Home.storyboard */,
				5CEF76552101217B006B0179 /* HomeViewController.swift */,
				5CA325C82109ECD100084F02 /* ShowTableViewCell.swift */,
			);
			path = Home;
			sourceTree = "<group>";
		};
		5CA325C52109E4E900084F02 /* CodableObjects */ = {
			isa = PBXGroup;
			children = (
				5CEF765921013FF4006B0179 /* User.swift */,
				5CA325C62109E51300084F02 /* Shows.swift */,
				5C139227210A6659002B92F9 /* ShowDetails.swift */,
				5C139229210A6B59002B92F9 /* Episode.swift */,
				5C7E7F7A211224DA004A66A0 /* Media.swift */,
				5C849946211393B5001E7A9E /* Comments.swift */,
			);
			path = CodableObjects;
			sourceTree = "<group>";
		};
		5CAFEEE020EE6F4200E53EEF = {
			isa = PBXGroup;
			children = (
				5C7E7F7521120B25004A66A0 /* Comments */,
				5C7E7F702111DC4F004A66A0 /* EpisodeDetails */,
				5C13922D210A876C002B92F9 /* AddNewEpisode */,
				5C139222210A4515002B92F9 /* ShowDetails */,
				5CA325C52109E4E900084F02 /* CodableObjects */,
				5CA325C42109E4D200084F02 /* Home */,
				5C52C06D20F42B4300A589C9 /* Login */,
				5CAFEEEB20EE6F4200E53EEF /* TVShow */,
				5CAFEEEA20EE6F4200E53EEF /* Products */,
				365BE69ECCF102095CD4EE48 /* Pods */,
				925CD778CD6E70AEDE0ED8BC /* Frameworks */,
			);
			sourceTree = "<group>";
		};
		5CAFEEEA20EE6F4200E53EEF /* Products */ = {
			isa = PBXGroup;
			children = (
				5CAFEEE920EE6F4200E53EEF /* TVShow.app */,
			);
			name = Products;
			sourceTree = "<group>";
		};
		5CAFEEEB20EE6F4200E53EEF /* TVShow */ = {
			isa = PBXGroup;
			children = (
				5CAFEEEC20EE6F4200E53EEF /* AppDelegate.swift */,
				5CAFEEF320EE6F4300E53EEF /* Assets.xcassets */,
				5CAFEEF520EE6F4300E53EEF /* LaunchScreen.storyboard */,
				5CAFEEF820EE6F4300E53EEF /* Info.plist */,
			);
			path = TVShow;
			sourceTree = "<group>";
		};
		925CD778CD6E70AEDE0ED8BC /* Frameworks */ = {
			isa = PBXGroup;
			children = (
				1091A047F5E95ECBF0C73979 /* Pods_TVShow.framework */,
			);
			name = Frameworks;
			sourceTree = "<group>";
		};
/* End PBXGroup section */

/* Begin PBXNativeTarget section */
		5CAFEEE820EE6F4200E53EEF /* TVShow */ = {
			isa = PBXNativeTarget;
			buildConfigurationList = 5CAFEEFB20EE6F4300E53EEF /* Build configuration list for PBXNativeTarget "TVShow" */;
			buildPhases = (
				23061F44941D34AC4EE7CE3A /* [CP] Check Pods Manifest.lock */,
				5CAFEEE520EE6F4200E53EEF /* Sources */,
				5CAFEEE620EE6F4200E53EEF /* Frameworks */,
				5CAFEEE720EE6F4200E53EEF /* Resources */,
				9A1B64009965C1838CBCA385 /* [CP] Embed Pods Frameworks */,
			);
			buildRules = (
			);
			dependencies = (
			);
			name = TVShow;
			productName = TVShow;
			productReference = 5CAFEEE920EE6F4200E53EEF /* TVShow.app */;
			productType = "com.apple.product-type.application";
		};
/* End PBXNativeTarget section */

/* Begin PBXProject section */
		5CAFEEE120EE6F4200E53EEF /* Project object */ = {
			isa = PBXProject;
			attributes = {
				LastSwiftUpdateCheck = 0940;
				LastUpgradeCheck = 0940;
				ORGANIZATIONNAME = "Tomislav Batarilo";
				TargetAttributes = {
					5CAFEEE820EE6F4200E53EEF = {
						CreatedOnToolsVersion = 9.4.1;
					};
				};
			};
			buildConfigurationList = 5CAFEEE420EE6F4200E53EEF /* Build configuration list for PBXProject "TVShow" */;
			compatibilityVersion = "Xcode 9.3";
			developmentRegion = en;
			hasScannedForEncodings = 0;
			knownRegions = (
				en,
				Base,
			);
			mainGroup = 5CAFEEE020EE6F4200E53EEF;
			productRefGroup = 5CAFEEEA20EE6F4200E53EEF /* Products */;
			projectDirPath = "";
			projectRoot = "";
			targets = (
				5CAFEEE820EE6F4200E53EEF /* TVShow */,
			);
		};
/* End PBXProject section */

/* Begin PBXResourcesBuildPhase section */
		5CAFEEE720EE6F4200E53EEF /* Resources */ = {
			isa = PBXResourcesBuildPhase;
			buildActionMask = 2147483647;
			files = (
				5C7E7F7921120B63004A66A0 /* Comments.storyboard in Resources */,
				5CAFEEF720EE6F4300E53EEF /* LaunchScreen.storyboard in Resources */,
				5CAFEEF420EE6F4300E53EEF /* Assets.xcassets in Resources */,
				5C52C06F20F42B9E00A589C9 /* Login.storyboard in Resources */,
				5C13922F210A878A002B92F9 /* NewEpisode.storyboard in Resources */,
				5C139224210A453F002B92F9 /* ShowDetails.storyboard in Resources */,
				5CEF765821012197006B0179 /* Home.storyboard in Resources */,
				5C7E7F722111DC6B004A66A0 /* EpisodeDetails.storyboard in Resources */,
			);
			runOnlyForDeploymentPostprocessing = 0;
		};
/* End PBXResourcesBuildPhase section */

/* Begin PBXShellScriptBuildPhase section */
		23061F44941D34AC4EE7CE3A /* [CP] Check Pods Manifest.lock */ = {
			isa = PBXShellScriptBuildPhase;
			buildActionMask = 2147483647;
			files = (
			);
			inputPaths = (
				"${PODS_PODFILE_DIR_PATH}/Podfile.lock",
				"${PODS_ROOT}/Manifest.lock",
			);
			name = "[CP] Check Pods Manifest.lock";
			outputPaths = (
				"$(DERIVED_FILE_DIR)/Pods-TVShow-checkManifestLockResult.txt",
			);
			runOnlyForDeploymentPostprocessing = 0;
			shellPath = /bin/sh;
			shellScript = "diff \"${PODS_PODFILE_DIR_PATH}/Podfile.lock\" \"${PODS_ROOT}/Manifest.lock\" > /dev/null\nif [ $? != 0 ] ; then\n    # print error to STDERR\n    echo \"error: The sandbox is not in sync with the Podfile.lock. Run 'pod install' or update your CocoaPods installation.\" >&2\n    exit 1\nfi\n# This output is used by Xcode 'outputs' to avoid re-running this script phase.\necho \"SUCCESS\" > \"${SCRIPT_OUTPUT_FILE_0}\"\n";
			showEnvVarsInLog = 0;
		};
		9A1B64009965C1838CBCA385 /* [CP] Embed Pods Frameworks */ = {
			isa = PBXShellScriptBuildPhase;
			buildActionMask = 2147483647;
			files = (
			);
			inputPaths = (
				"${SRCROOT}/Pods/Target Support Files/Pods-TVShow/Pods-TVShow-frameworks.sh",
				"${BUILT_PRODUCTS_DIR}/Alamofire/Alamofire.framework",
				"${BUILT_PRODUCTS_DIR}/CodableAlamofire/CodableAlamofire.framework",
				"${BUILT_PRODUCTS_DIR}/Kingfisher/Kingfisher.framework",
				"${BUILT_PRODUCTS_DIR}/SVProgressHUD/SVProgressHUD.framework",
			);
			name = "[CP] Embed Pods Frameworks";
			outputPaths = (
				"${TARGET_BUILD_DIR}/${FRAMEWORKS_FOLDER_PATH}/Alamofire.framework",
				"${TARGET_BUILD_DIR}/${FRAMEWORKS_FOLDER_PATH}/CodableAlamofire.framework",
				"${TARGET_BUILD_DIR}/${FRAMEWORKS_FOLDER_PATH}/Kingfisher.framework",
				"${TARGET_BUILD_DIR}/${FRAMEWORKS_FOLDER_PATH}/SVProgressHUD.framework",
			);
			runOnlyForDeploymentPostprocessing = 0;
			shellPath = /bin/sh;
			shellScript = "\"${SRCROOT}/Pods/Target Support Files/Pods-TVShow/Pods-TVShow-frameworks.sh\"\n";
			showEnvVarsInLog = 0;
		};
/* End PBXShellScriptBuildPhase section */

/* Begin PBXSourcesBuildPhase section */
		5CAFEEE520EE6F4200E53EEF /* Sources */ = {
			isa = PBXSourcesBuildPhase;
			buildActionMask = 2147483647;
			files = (
				5C139231210A87A6002B92F9 /* NewEpisodeViewController.swift in Sources */,
				5C7E7F7721120B46004A66A0 /* CommentsViewController.swift in Sources */,
				5C7E7F7B211224DA004A66A0 /* Media.swift in Sources */,
				5CA325C92109ECD100084F02 /* ShowTableViewCell.swift in Sources */,
				5CA325C72109E51300084F02 /* Shows.swift in Sources */,
				5CEF765A21013FF4006B0179 /* User.swift in Sources */,
				5C139228210A6659002B92F9 /* ShowDetails.swift in Sources */,
				5C1DC38620F5679E0010580C /* LoginViewController.swift in Sources */,
				5CAFEEED20EE6F4200E53EEF /* AppDelegate.swift in Sources */,
				5C13922C210A7D11002B92F9 /* ShowDetailsViewCell.swift in Sources */,
				5C139226210A4584002B92F9 /* ShowDetailsViewController.swift in Sources */,
				5C849947211393B5001E7A9E /* Comments.swift in Sources */,
				5C13922A210A6B59002B92F9 /* Episode.swift in Sources */,
				5CEF76562101217B006B0179 /* HomeViewController.swift in Sources */,
				5C7E7F742111E08C004A66A0 /* EpisodeDetailsViewController.swift in Sources */,
				5C849949211395EA001E7A9E /* CommentsTableViewCell.swift in Sources */,
			);
			runOnlyForDeploymentPostprocessing = 0;
		};
/* End PBXSourcesBuildPhase section */

/* Begin PBXVariantGroup section */
		5CAFEEF520EE6F4300E53EEF /* LaunchScreen.storyboard */ = {
			isa = PBXVariantGroup;
			children = (
				5CAFEEF620EE6F4300E53EEF /* Base */,
			);
			name = LaunchScreen.storyboard;
			sourceTree = "<group>";
		};
/* End PBXVariantGroup section */

/* Begin XCBuildConfiguration section */
		5CAFEEF920EE6F4300E53EEF /* Debug */ = {
			isa = XCBuildConfiguration;
			buildSettings = {
				ALWAYS_SEARCH_USER_PATHS = NO;
				CLANG_ANALYZER_NONNULL = YES;
				CLANG_ANALYZER_NUMBER_OBJECT_CONVERSION = YES_AGGRESSIVE;
				CLANG_CXX_LANGUAGE_STANDARD = "gnu++14";
				CLANG_CXX_LIBRARY = "libc++";
				CLANG_ENABLE_MODULES = YES;
				CLANG_ENABLE_OBJC_ARC = YES;
				CLANG_ENABLE_OBJC_WEAK = YES;
				CLANG_WARN_BLOCK_CAPTURE_AUTORELEASING = YES;
				CLANG_WARN_BOOL_CONVERSION = YES;
				CLANG_WARN_COMMA = YES;
				CLANG_WARN_CONSTANT_CONVERSION = YES;
				CLANG_WARN_DEPRECATED_OBJC_IMPLEMENTATIONS = YES;
				CLANG_WARN_DIRECT_OBJC_ISA_USAGE = YES_ERROR;
				CLANG_WARN_DOCUMENTATION_COMMENTS = YES;
				CLANG_WARN_EMPTY_BODY = YES;
				CLANG_WARN_ENUM_CONVERSION = YES;
				CLANG_WARN_INFINITE_RECURSION = YES;
				CLANG_WARN_INT_CONVERSION = YES;
				CLANG_WARN_NON_LITERAL_NULL_CONVERSION = YES;
				CLANG_WARN_OBJC_IMPLICIT_RETAIN_SELF = YES;
				CLANG_WARN_OBJC_LITERAL_CONVERSION = YES;
				CLANG_WARN_OBJC_ROOT_CLASS = YES_ERROR;
				CLANG_WARN_RANGE_LOOP_ANALYSIS = YES;
				CLANG_WARN_STRICT_PROTOTYPES = YES;
				CLANG_WARN_SUSPICIOUS_MOVE = YES;
				CLANG_WARN_UNGUARDED_AVAILABILITY = YES_AGGRESSIVE;
				CLANG_WARN_UNREACHABLE_CODE = YES;
				CLANG_WARN__DUPLICATE_METHOD_MATCH = YES;
				CODE_SIGN_IDENTITY = "iPhone Developer";
				COPY_PHASE_STRIP = NO;
				DEBUG_INFORMATION_FORMAT = dwarf;
				ENABLE_STRICT_OBJC_MSGSEND = YES;
				ENABLE_TESTABILITY = YES;
				GCC_C_LANGUAGE_STANDARD = gnu11;
				GCC_DYNAMIC_NO_PIC = NO;
				GCC_NO_COMMON_BLOCKS = YES;
				GCC_OPTIMIZATION_LEVEL = 0;
				GCC_PREPROCESSOR_DEFINITIONS = (
					"DEBUG=1",
					"$(inherited)",
				);
				GCC_WARN_64_TO_32_BIT_CONVERSION = YES;
				GCC_WARN_ABOUT_RETURN_TYPE = YES_ERROR;
				GCC_WARN_UNDECLARED_SELECTOR = YES;
				GCC_WARN_UNINITIALIZED_AUTOS = YES_AGGRESSIVE;
				GCC_WARN_UNUSED_FUNCTION = YES;
				GCC_WARN_UNUSED_VARIABLE = YES;
				IPHONEOS_DEPLOYMENT_TARGET = 11.4;
				MTL_ENABLE_DEBUG_INFO = YES;
				ONLY_ACTIVE_ARCH = YES;
				SDKROOT = iphoneos;
				SWIFT_ACTIVE_COMPILATION_CONDITIONS = DEBUG;
				SWIFT_OPTIMIZATION_LEVEL = "-Onone";
			};
			name = Debug;
		};
		5CAFEEFA20EE6F4300E53EEF /* Release */ = {
			isa = XCBuildConfiguration;
			buildSettings = {
				ALWAYS_SEARCH_USER_PATHS = NO;
				CLANG_ANALYZER_NONNULL = YES;
				CLANG_ANALYZER_NUMBER_OBJECT_CONVERSION = YES_AGGRESSIVE;
				CLANG_CXX_LANGUAGE_STANDARD = "gnu++14";
				CLANG_CXX_LIBRARY = "libc++";
				CLANG_ENABLE_MODULES = YES;
				CLANG_ENABLE_OBJC_ARC = YES;
				CLANG_ENABLE_OBJC_WEAK = YES;
				CLANG_WARN_BLOCK_CAPTURE_AUTORELEASING = YES;
				CLANG_WARN_BOOL_CONVERSION = YES;
				CLANG_WARN_COMMA = YES;
				CLANG_WARN_CONSTANT_CONVERSION = YES;
				CLANG_WARN_DEPRECATED_OBJC_IMPLEMENTATIONS = YES;
				CLANG_WARN_DIRECT_OBJC_ISA_USAGE = YES_ERROR;
				CLANG_WARN_DOCUMENTATION_COMMENTS = YES;
				CLANG_WARN_EMPTY_BODY = YES;
				CLANG_WARN_ENUM_CONVERSION = YES;
				CLANG_WARN_INFINITE_RECURSION = YES;
				CLANG_WARN_INT_CONVERSION = YES;
				CLANG_WARN_NON_LITERAL_NULL_CONVERSION = YES;
				CLANG_WARN_OBJC_IMPLICIT_RETAIN_SELF = YES;
				CLANG_WARN_OBJC_LITERAL_CONVERSION = YES;
				CLANG_WARN_OBJC_ROOT_CLASS = YES_ERROR;
				CLANG_WARN_RANGE_LOOP_ANALYSIS = YES;
				CLANG_WARN_STRICT_PROTOTYPES = YES;
				CLANG_WARN_SUSPICIOUS_MOVE = YES;
				CLANG_WARN_UNGUARDED_AVAILABILITY = YES_AGGRESSIVE;
				CLANG_WARN_UNREACHABLE_CODE = YES;
				CLANG_WARN__DUPLICATE_METHOD_MATCH = YES;
				CODE_SIGN_IDENTITY = "iPhone Developer";
				COPY_PHASE_STRIP = NO;
				DEBUG_INFORMATION_FORMAT = "dwarf-with-dsym";
				ENABLE_NS_ASSERTIONS = NO;
				ENABLE_STRICT_OBJC_MSGSEND = YES;
				GCC_C_LANGUAGE_STANDARD = gnu11;
				GCC_NO_COMMON_BLOCKS = YES;
				GCC_WARN_64_TO_32_BIT_CONVERSION = YES;
				GCC_WARN_ABOUT_RETURN_TYPE = YES_ERROR;
				GCC_WARN_UNDECLARED_SELECTOR = YES;
				GCC_WARN_UNINITIALIZED_AUTOS = YES_AGGRESSIVE;
				GCC_WARN_UNUSED_FUNCTION = YES;
				GCC_WARN_UNUSED_VARIABLE = YES;
				IPHONEOS_DEPLOYMENT_TARGET = 11.4;
				MTL_ENABLE_DEBUG_INFO = NO;
				SDKROOT = iphoneos;
				SWIFT_COMPILATION_MODE = wholemodule;
				SWIFT_OPTIMIZATION_LEVEL = "-O";
				VALIDATE_PRODUCT = YES;
			};
			name = Release;
		};
		5CAFEEFC20EE6F4300E53EEF /* Debug */ = {
			isa = XCBuildConfiguration;
			baseConfigurationReference = 50EBD63C44FF31E55E0D4F66 /* Pods-TVShow.debug.xcconfig */;
			buildSettings = {
				ASSETCATALOG_COMPILER_APPICON_NAME = AppIcon;
				CODE_SIGN_STYLE = Automatic;
				INFOPLIST_FILE = TVShow/Info.plist;
				LD_RUNPATH_SEARCH_PATHS = (
					"$(inherited)",
					"@executable_path/Frameworks",
				);
				PRODUCT_BUNDLE_IDENTIFIER = co.tbatarilo.TVShow;
				PRODUCT_NAME = "$(TARGET_NAME)";
				SWIFT_VERSION = 4.0;
				TARGETED_DEVICE_FAMILY = "1,2";
			};
			name = Debug;
		};
		5CAFEEFD20EE6F4300E53EEF /* Release */ = {
			isa = XCBuildConfiguration;
			baseConfigurationReference = B4A82CECD15A4F0AFDCA1666 /* Pods-TVShow.release.xcconfig */;
			buildSettings = {
				ASSETCATALOG_COMPILER_APPICON_NAME = AppIcon;
				CODE_SIGN_STYLE = Automatic;
				INFOPLIST_FILE = TVShow/Info.plist;
				LD_RUNPATH_SEARCH_PATHS = (
					"$(inherited)",
					"@executable_path/Frameworks",
				);
				PRODUCT_BUNDLE_IDENTIFIER = co.tbatarilo.TVShow;
				PRODUCT_NAME = "$(TARGET_NAME)";
				SWIFT_VERSION = 4.0;
				TARGETED_DEVICE_FAMILY = "1,2";
			};
			name = Release;
		};
/* End XCBuildConfiguration section */

/* Begin XCConfigurationList section */
		5CAFEEE420EE6F4200E53EEF /* Build configuration list for PBXProject "TVShow" */ = {
			isa = XCConfigurationList;
			buildConfigurations = (
				5CAFEEF920EE6F4300E53EEF /* Debug */,
				5CAFEEFA20EE6F4300E53EEF /* Release */,
			);
			defaultConfigurationIsVisible = 0;
			defaultConfigurationName = Release;
		};
		5CAFEEFB20EE6F4300E53EEF /* Build configuration list for PBXNativeTarget "TVShow" */ = {
			isa = XCConfigurationList;
			buildConfigurations = (
				5CAFEEFC20EE6F4300E53EEF /* Debug */,
				5CAFEEFD20EE6F4300E53EEF /* Release */,
			);
			defaultConfigurationIsVisible = 0;
			defaultConfigurationName = Release;
		};
/* End XCConfigurationList section */
	};
	rootObject = 5CAFEEE120EE6F4200E53EEF /* Project object */;
}
